// !$*UTF8*$!
{
	archiveVersion = 1;
	classes = {
	};
	objectVersion = 46;
	objects = {

/* Begin PBXBuildFile section */
		31DC1DE31D293CAD00456103 /* AppDelegate.swift in Sources */ = {isa = PBXBuildFile; fileRef = 31DC1DE21D293CAD00456103 /* AppDelegate.swift */; };
		31DC1DE51D293CAD00456103 /* ViewController.swift in Sources */ = {isa = PBXBuildFile; fileRef = 31DC1DE41D293CAD00456103 /* ViewController.swift */; };
		31DC1DE81D293CAD00456103 /* Main.storyboard in Resources */ = {isa = PBXBuildFile; fileRef = 31DC1DE61D293CAD00456103 /* Main.storyboard */; };
		31DC1DEA1D293CAD00456103 /* Assets.xcassets in Resources */ = {isa = PBXBuildFile; fileRef = 31DC1DE91D293CAD00456103 /* Assets.xcassets */; };
		31DC1DED1D293CAD00456103 /* LaunchScreen.storyboard in Resources */ = {isa = PBXBuildFile; fileRef = 31DC1DEB1D293CAD00456103 /* LaunchScreen.storyboard */; };
/* End PBXBuildFile section */

/* Begin PBXFileReference section */
		31DC1DDF1D293CAD00456103 /* Slave2Rave.app */ = {isa = PBXFileReference; explicitFileType = wrapper.application; includeInIndex = 0; path = Slave2Rave.app; sourceTree = BUILT_PRODUCTS_DIR; };
		31DC1DE21D293CAD00456103 /* AppDelegate.swift */ = {isa = PBXFileReference; lastKnownFileType = sourcecode.swift; path = AppDelegate.swift; sourceTree = "<group>"; };
		31DC1DE41D293CAD00456103 /* ViewController.swift */ = {isa = PBXFileReference; lastKnownFileType = sourcecode.swift; path = ViewController.swift; sourceTree = "<group>"; };
		31DC1DE71D293CAD00456103 /* Base */ = {isa = PBXFileReference; lastKnownFileType = file.storyboard; name = Base; path = Base.lproj/Main.storyboard; sourceTree = "<group>"; };
		31DC1DE91D293CAD00456103 /* Assets.xcassets */ = {isa = PBXFileReference; lastKnownFileType = folder.assetcatalog; path = Assets.xcassets; sourceTree = "<group>"; };
		31DC1DEC1D293CAD00456103 /* Base */ = {isa = PBXFileReference; lastKnownFileType = file.storyboard; name = Base; path = Base.lproj/LaunchScreen.storyboard; sourceTree = "<group>"; };
		31DC1DEE1D293CAD00456103 /* Info.plist */ = {isa = PBXFileReference; lastKnownFileType = text.plist.xml; path = Info.plist; sourceTree = "<group>"; };
/* End PBXFileReference section */

/* Begin PBXFrameworksBuildPhase section */
		31DC1DDC1D293CAD00456103 /* Frameworks */ = {
			isa = PBXFrameworksBuildPhase;
			buildActionMask = 2147483647;
			files = (
			);
			runOnlyForDeploymentPostprocessing = 0;
		};
/* End PBXFrameworksBuildPhase section */

/* Begin PBXGroup section */
		31DC1DD61D293CAD00456103 = {
			isa = PBXGroup;
			children = (
				31DC1DE11D293CAD00456103 /* Slave2Rave */,
				31DC1DE01D293CAD00456103 /* Products */,
			);
			sourceTree = "<group>";
		};
		31DC1DE01D293CAD00456103 /* Products */ = {
			isa = PBXGroup;
			children = (
				31DC1DDF1D293CAD00456103 /* Slave2Rave.app */,
			);
			name = Products;
			sourceTree = "<group>";
		};
		31DC1DE11D293CAD00456103 /* Slave2Rave */ = {
			isa = PBXGroup;
			children = (
				31DC1DE21D293CAD00456103 /* AppDelegate.swift */,
				31DC1DE41D293CAD00456103 /* ViewController.swift */,
				31DC1DE61D293CAD00456103 /* Main.storyboard */,
				31DC1DE91D293CAD00456103 /* Assets.xcassets */,
				31DC1DEB1D293CAD00456103 /* LaunchScreen.storyboard */,
				31DC1DEE1D293CAD00456103 /* Info.plist */,
			);
			path = Slave2Rave;
			sourceTree = "<group>";
		};
/* End PBXGroup section */

/* Begin PBXNativeTarget section */
		31DC1DDE1D293CAD00456103 /* Slave2Rave */ = {
			isa = PBXNativeTarget;
			buildConfigurationList = 31DC1DF11D293CAD00456103 /* Build configuration list for PBXNativeTarget "Slave2Rave" */;
			buildPhases = (
				31DC1DDB1D293CAD00456103 /* Sources */,
				31DC1DDC1D293CAD00456103 /* Frameworks */,
				31DC1DDD1D293CAD00456103 /* Resources */,
			);
			buildRules = (
			);
			dependencies = (
			);
			name = Slave2Rave;
			productName = Slave2Rave;
			productReference = 31DC1DDF1D293CAD00456103 /* Slave2Rave.app */;
			productType = "com.apple.product-type.application";
		};
/* End PBXNativeTarget section */

/* Begin PBXProject section */
		31DC1DD71D293CAD00456103 /* Project object */ = {
			isa = PBXProject;
			attributes = {
				LastSwiftUpdateCheck = 0720;
				LastUpgradeCheck = 0720;
				ORGANIZATIONNAME = "Ambuj Shukla";
				TargetAttributes = {
					31DC1DDE1D293CAD00456103 = {
						CreatedOnToolsVersion = 7.2.1;
					};
				};
			};
			buildConfigurationList = 31DC1DDA1D293CAD00456103 /* Build configuration list for PBXProject "Slave2Rave" */;
			compatibilityVersion = "Xcode 3.2";
			developmentRegion = English;
			hasScannedForEncodings = 0;
			knownRegions = (
				en,
				Base,
			);
			mainGroup = 31DC1DD61D293CAD00456103;
			productRefGroup = 31DC1DE01D293CAD00456103 /* Products */;
			projectDirPath = "";
			projectRoot = "";
			targets = (
				31DC1DDE1D293CAD00456103 /* Slave2Rave */,
			);
		};
/* End PBXProject section */

/* Begin PBXResourcesBuildPhase section */
		31DC1DDD1D293CAD00456103 /* Resources */ = {
			isa = PBXResourcesBuildPhase;
			buildActionMask = 2147483647;
			files = (
				31DC1DED1D293CAD00456103 /* LaunchScreen.storyboard in Resources */,
				31DC1DEA1D293CAD00456103 /* Assets.xcassets in Resources */,
				31DC1DE81D293CAD00456103 /* Main.storyboard in Resources */,
			);
			runOnlyForDeploymentPostprocessing = 0;
		};
/* End PBXResourcesBuildPhase section */

/* Begin PBXSourcesBuildPhase section */
		31DC1DDB1D293CAD00456103 /* Sources */ = {
			isa = PBXSourcesBuildPhase;
			buildActionMask = 2147483647;
			files = (
				31DC1DE51D293CAD00456103 /* ViewController.swift in Sources */,
				31DC1DE31D293CAD00456103 /* AppDelegate.swift in Sources */,
			);
			runOnlyForDeploymentPostprocessing = 0;
		};
/* End PBXSourcesBuildPhase section */

/* Begin PBXVariantGroup section */
		31DC1DE61D293CAD00456103 /* Main.storyboard */ = {
			isa = PBXVariantGroup;
			children = (
				31DC1DE71D293CAD00456103 /* Base */,
			);
			name = Main.storyboard;
			sourceTree = "<group>";
		};
		31DC1DEB1D293CAD00456103 /* LaunchScreen.storyboard */ = {
			isa = PBXVariantGroup;
			children = (
				31DC1DEC1D293CAD00456103 /* Base */,
			);
			name = LaunchScreen.storyboard;
			sourceTree = "<group>";
		};
/* End PBXVariantGroup section */

/* Begin XCBuildConfiguration section */
		31DC1DEF1D293CAD00456103 /* Debug */ = {
			isa = XCBuildConfiguration;
			buildSettings = {
				ALWAYS_SEARCH_USER_PATHS = NO;
				CLANG_CXX_LANGUAGE_STANDARD = "gnu++0x";
				CLANG_CXX_LIBRARY = "libc++";
				CLANG_ENABLE_MODULES = YES;
				CLANG_ENABLE_OBJC_ARC = YES;
				CLANG_WARN_BOOL_CONVERSION = YES;
				CLANG_WARN_CONSTANT_CONVERSION = YES;
				CLANG_WARN_DIRECT_OBJC_ISA_USAGE = YES_ERROR;
				CLANG_WARN_EMPTY_BODY = YES;
				CLANG_WARN_ENUM_CONVERSION = YES;
				CLANG_WARN_INT_CONVERSION = YES;
				CLANG_WARN_OBJC_ROOT_CLASS = YES_ERROR;
				CLANG_WARN_UNREACHABLE_CODE = YES;
				CLANG_WARN__DUPLICATE_METHOD_MATCH = YES;
				"CODE_SIGN_IDENTITY[sdk=iphoneos*]" = "iPhone Developer";
				COPY_PHASE_STRIP = NO;
				DEBUG_INFORMATION_FORMAT = dwarf;
				ENABLE_STRICT_OBJC_MSGSEND = YES;
				ENABLE_TESTABILITY = YES;
				GCC_C_LANGUAGE_STANDARD = gnu99;
				GCC_DYNAMIC_NO_PIC = NO;
				GCC_NO_COMMON_BLOCKS = YES;
				GCC_OPTIMIZATION_LEVEL = 0;
				GCC_PREPROCESSOR_DEFINITIONS = (
					"DEBUG=1",
					"$(inherited)",
				);
				GCC_WARN_64_TO_32_BIT_CONVERSION = YES;
				GCC_WARN_ABOUT_RETURN_TYPE = YES_ERROR;
				GCC_WARN_UNDECLARED_SELECTOR = YES;
				GCC_WARN_UNINITIALIZED_AUTOS = YES_AGGRESSIVE;
				GCC_WARN_UNUSED_FUNCTION = YES;
				GCC_WARN_UNUSED_VARIABLE = YES;
				IPHONEOS_DEPLOYMENT_TARGET = 9.2;
				MTL_ENABLE_DEBUG_INFO = YES;
				ONLY_ACTIVE_ARCH = YES;
				SDKROOT = iphoneos;
				SWIFT_OPTIMIZATION_LEVEL = "-Onone";
				TARGETED_DEVICE_FAMILY = "1,2";
			};
			name = Debug;
		};
		31DC1DF01D293CAD00456103 /* Release */ = {
			isa = XCBuildConfiguration;
			buildSettings = {
				ALWAYS_SEARCH_USER_PATHS = NO;
				CLANG_CXX_LANGUAGE_STANDARD = "gnu++0x";
				CLANG_CXX_LIBRARY = "libc++";
				CLANG_ENABLE_MODULES = YES;
				CLANG_ENABLE_OBJC_ARC = YES;
				CLANG_WARN_BOOL_CONVERSION = YES;
				CLANG_WARN_CONSTANT_CONVERSION = YES;
				CLANG_WARN_DIRECT_OBJC_ISA_USAGE = YES_ERROR;
				CLANG_WARN_EMPTY_BODY = YES;
				CLANG_WARN_ENUM_CONVERSION = YES;
				CLANG_WARN_INT_CONVERSION = YES;
				CLANG_WARN_OBJC_ROOT_CLASS = YES_ERROR;
				CLANG_WARN_UNREACHABLE_CODE = YES;
				CLANG_WARN__DUPLICATE_METHOD_MATCH = YES;
				"CODE_SIGN_IDENTITY[sdk=iphoneos*]" = "iPhone Developer";
				COPY_PHASE_STRIP = NO;
				DEBUG_INFORMATION_FORMAT = "dwarf-with-dsym";
				ENABLE_NS_ASSERTIONS = NO;
				ENABLE_STRICT_OBJC_MSGSEND = YES;
				GCC_C_LANGUAGE_STANDARD = gnu99;
				GCC_NO_COMMON_BLOCKS = YES;
				GCC_WARN_64_TO_32_BIT_CONVERSION = YES;
				GCC_WARN_ABOUT_RETURN_TYPE = YES_ERROR;
				GCC_WARN_UNDECLARED_SELECTOR = YES;
				GCC_WARN_UNINITIALIZED_AUTOS = YES_AGGRESSIVE;
				GCC_WARN_UNUSED_FUNCTION = YES;
				GCC_WARN_UNUSED_VARIABLE = YES;
				IPHONEOS_DEPLOYMENT_TARGET = 9.2;
				MTL_ENABLE_DEBUG_INFO = NO;
				SDKROOT = iphoneos;
				TARGETED_DEVICE_FAMILY = "1,2";
				VALIDATE_PRODUCT = YES;
			};
			name = Release;
		};
		31DC1DF21D293CAD00456103 /* Debug */ = {
			isa = XCBuildConfiguration;
			buildSettings = {
				ASSETCATALOG_COMPILER_APPICON_NAME = AppIcon;
				INFOPLIST_FILE = Slave2Rave/Info.plist;
				LD_RUNPATH_SEARCH_PATHS = "$(inherited) @executable_path/Frameworks";
				PRODUCT_BUNDLE_IDENTIFIER = ash.Slave2Rave;
				PRODUCT_NAME = "$(TARGET_NAME)";
			};
			name = Debug;
		};
		31DC1DF31D293CAD00456103 /* Release */ = {
			isa = XCBuildConfiguration;
			buildSettings = {
				ASSETCATALOG_COMPILER_APPICON_NAME = AppIcon;
				INFOPLIST_FILE = Slave2Rave/Info.plist;
				LD_RUNPATH_SEARCH_PATHS = "$(inherited) @executable_path/Frameworks";
				PRODUCT_BUNDLE_IDENTIFIER = ash.Slave2Rave;
				PRODUCT_NAME = "$(TARGET_NAME)";
			};
			name = Release;
		};
/* End XCBuildConfiguration section */

/* Begin XCConfigurationList section */
		31DC1DDA1D293CAD00456103 /* Build configuration list for PBXProject "Slave2Rave" */ = {
			isa = XCConfigurationList;
			buildConfigurations = (
				31DC1DEF1D293CAD00456103 /* Debug */,
				31DC1DF01D293CAD00456103 /* Release */,
			);
			defaultConfigurationIsVisible = 0;
			defaultConfigurationName = Release;
		};
		31DC1DF11D293CAD00456103 /* Build configuration list for PBXNativeTarget "Slave2Rave" */ = {
			isa = XCConfigurationList;
			buildConfigurations = (
				31DC1DF21D293CAD00456103 /* Debug */,
				31DC1DF31D293CAD00456103 /* Release */,
			);
			defaultConfigurationIsVisible = 0;
		};
/* End XCConfigurationList section */
	};
	rootObject = 31DC1DD71D293CAD00456103 /* Project object */;
}
